[{<<"cowboy">>,
  {git,"https://github.com/extend/cowboy.git",
       {ref,"45158c1da454b5c7406418afeccaecf54232deeb"}},
  0},
 {<<"cowlib">>,
  {git,"https://github.com/ninenines/cowlib",
       {ref,"b5d5d674b160433f9ddf18e5b034cceb8f2bdab4"}},
  1},
 {<<"erlydtl">>,
  {git,"https://github.com/erlydtl/erlydtl.git",
       {ref,"0b1cbebc68c86f02608c3c041a2361adf9acbc17"}},
  0},
 {<<"goldrush">>,
  {git,"git://github.com/DeadZen/goldrush.git",
       {ref,"212299233c7e7eb63a97be2777e1c05ebaa58dbe"}},
  1},
 {<<"jsx">>,
  {git,"https://github.com/talentdeficit/jsx.git",
       {ref,"3074d4865b3385a050badf7828ad31490d860df5"}},
  0},
 {<<"lager">>,
  {git,"https://github.com/basho/lager",
       {ref,"b2cb2735713e3021e0761623ff595d53a545438e"}},
  0},
 {<<"pubsub">>,
  {git,"https://github.com/ricecake/pubsub",
       {ref,"3868835b6d5938efc73dcfbf15c96081d42fbf69"}},
  0},
 {<<"quickrand">>,
  {git,"https://github.com/okeuday/quickrand.git",
       {ref,"cf7ac11a820367496252243e49898480b25009f7"}},
  1},
 {<<"ranch">>,
  {git,"https://github.com/ninenines/ranch",
       {ref,"a5d2efcde9a34ad38ab89a26d98ea5335e88625a"}},
  1},
 {<<"uuid">>,
  {git,"https://github.com/okeuday/uuid.git",
       {ref,"c27a3f42e8b62fdf5a5ddbc708b74f9b30dba045"}},
  0}].
