[{<<"ranch">>,
  {git,"git://github.com/ninenines/ranch.git",
       {ref,"adf1822defc2b7cfdc7aca112adabfa1d614043c"}},
  1},
 {<<"merl">>,
  {git,"git://github.com/erlydtl/merl.git",
       {ref,"750b09d44425f435ff579a4d28bf5844bb5b4ef1"}},
  1},
 {<<"goldrush">>,
  {git,"git://github.com/DeadZen/goldrush.git",
       {ref,"71e63212f12c25827e0c1b4198d37d5d018a7fec"}},
  1},
 {<<"eunit_formatters">>,
  {git,"git://github.com/seancribbs/eunit_formatters",
       {ref,"2c73eb6e46b0863f19507857b386a48a53aaf141"}},
  1},
 {<<"cowlib">>,
  {git,"git://github.com/ninenines/cowlib.git",
       {ref,"14e597baa42a436469f99661ed7994685e269dc2"}},
  1},
 {<<"snappy">>,
  {git,"https://github.com/fdmanana/snappy-erlang-nif.git",
       {ref,"ec2061113147af20916e9765ae9d63a18114825a"}},
  0},
 {<<"lager">>,
  {git,"git://github.com/basho/lager",
       {ref,"d33ccf3b69de09a628fe38b4d7981bb8671b8a4f"}},
  0},
 {<<"jiffy">>,
  {git,"git://github.com/davisp/jiffy.git",
       {ref,"446e284bd51013fe2899803b9dcbd162d8b8efb3"}},
  0},
 {<<"erlydtl">>,
  {git,"https://github.com/erlydtl/erlydtl.git",
       {ref,"66f78187d2112380302f9907fccb59b365e3ee30"}},
  0},
 {<<"cowboy">>,
  {git,"https://github.com/extend/cowboy.git",
       {ref,"341f991d58fde702f68fa9d0076ad6dc2f942917"}},
  0}].
